// !$*UTF8*$!
{
	archiveVersion = 1;
	classes = {
	};
	objectVersion = 46;
	objects = {

/* Begin PBXBuildFile section */
		92699C79194CC2A500C49DE7 /* Foundation.framework in Frameworks */ = {isa = PBXBuildFile; fileRef = 92699C78194CC2A500C49DE7 /* Foundation.framework */; };
		92699C7B194CC2A500C49DE7 /* CoreGraphics.framework in Frameworks */ = {isa = PBXBuildFile; fileRef = 92699C7A194CC2A500C49DE7 /* CoreGraphics.framework */; };
		92699C7D194CC2A500C49DE7 /* UIKit.framework in Frameworks */ = {isa = PBXBuildFile; fileRef = 92699C7C194CC2A500C49DE7 /* UIKit.framework */; };
		92699C83194CC2A500C49DE7 /* InfoPlist.strings in Resources */ = {isa = PBXBuildFile; fileRef = 92699C81194CC2A500C49DE7 /* InfoPlist.strings */; };
		92699C85194CC2A500C49DE7 /* main.m in Sources */ = {isa = PBXBuildFile; fileRef = 92699C84194CC2A500C49DE7 /* main.m */; };
		92699C89194CC2A500C49DE7 /* YHOOAppDelegate.m in Sources */ = {isa = PBXBuildFile; fileRef = 92699C88194CC2A500C49DE7 /* YHOOAppDelegate.m */; };
		92699C8B194CC2A500C49DE7 /* Images.xcassets in Resources */ = {isa = PBXBuildFile; fileRef = 92699C8A194CC2A500C49DE7 /* Images.xcassets */; };
		92699C92194CC2A500C49DE7 /* XCTest.framework in Frameworks */ = {isa = PBXBuildFile; fileRef = 92699C91194CC2A500C49DE7 /* XCTest.framework */; };
		92699C93194CC2A500C49DE7 /* Foundation.framework in Frameworks */ = {isa = PBXBuildFile; fileRef = 92699C78194CC2A500C49DE7 /* Foundation.framework */; };
		92699C94194CC2A500C49DE7 /* UIKit.framework in Frameworks */ = {isa = PBXBuildFile; fileRef = 92699C7C194CC2A500C49DE7 /* UIKit.framework */; };
		92699C9C194CC2A500C49DE7 /* InfoPlist.strings in Resources */ = {isa = PBXBuildFile; fileRef = 92699C9A194CC2A500C49DE7 /* InfoPlist.strings */; };
		92699C9E194CC2A500C49DE7 /* FaceBookTests.m in Sources */ = {isa = PBXBuildFile; fileRef = 92699C9D194CC2A500C49DE7 /* FaceBookTests.m */; };
		92699CAA194CC2CB00C49DE7 /* YHOOLogInView.m in Sources */ = {isa = PBXBuildFile; fileRef = 92699CA8194CC2CB00C49DE7 /* YHOOLogInView.m */; };
		92699CAB194CC2CB00C49DE7 /* YHOOLogInView.xib in Resources */ = {isa = PBXBuildFile; fileRef = 92699CA9194CC2CB00C49DE7 /* YHOOLogInView.xib */; };
		92699CAF194ED53B00C49DE7 /* YHOOStreamViewController.m in Sources */ = {isa = PBXBuildFile; fileRef = 92699CAD194ED53B00C49DE7 /* YHOOStreamViewController.m */; };
		92699CB0194ED53B00C49DE7 /* YHOOStreamViewController.xib in Resources */ = {isa = PBXBuildFile; fileRef = 92699CAE194ED53B00C49DE7 /* YHOOStreamViewController.xib */; };
/* End PBXBuildFile section */

/* Begin PBXContainerItemProxy section */
		92699C95194CC2A500C49DE7 /* PBXContainerItemProxy */ = {
			isa = PBXContainerItemProxy;
			containerPortal = 92699C6D194CC2A500C49DE7 /* Project object */;
			proxyType = 1;
			remoteGlobalIDString = 92699C74194CC2A500C49DE7;
			remoteInfo = FaceBook;
		};
/* End PBXContainerItemProxy section */

/* Begin PBXFileReference section */
		92699C75194CC2A500C49DE7 /* FaceBook.app */ = {isa = PBXFileReference; explicitFileType = wrapper.application; includeInIndex = 0; path = FaceBook.app; sourceTree = BUILT_PRODUCTS_DIR; };
		92699C78194CC2A500C49DE7 /* Foundation.framework */ = {isa = PBXFileReference; lastKnownFileType = wrapper.framework; name = Foundation.framework; path = System/Library/Frameworks/Foundation.framework; sourceTree = SDKROOT; };
		92699C7A194CC2A500C49DE7 /* CoreGraphics.framework */ = {isa = PBXFileReference; lastKnownFileType = wrapper.framework; name = CoreGraphics.framework; path = System/Library/Frameworks/CoreGraphics.framework; sourceTree = SDKROOT; };
		92699C7C194CC2A500C49DE7 /* UIKit.framework */ = {isa = PBXFileReference; lastKnownFileType = wrapper.framework; name = UIKit.framework; path = System/Library/Frameworks/UIKit.framework; sourceTree = SDKROOT; };
		92699C80194CC2A500C49DE7 /* FaceBook-Info.plist */ = {isa = PBXFileReference; lastKnownFileType = text.plist.xml; path = "FaceBook-Info.plist"; sourceTree = "<group>"; };
		92699C82194CC2A500C49DE7 /* en */ = {isa = PBXFileReference; lastKnownFileType = text.plist.strings; name = en; path = en.lproj/InfoPlist.strings; sourceTree = "<group>"; };
		92699C84194CC2A500C49DE7 /* main.m */ = {isa = PBXFileReference; lastKnownFileType = sourcecode.c.objc; path = main.m; sourceTree = "<group>"; };
		92699C86194CC2A500C49DE7 /* FaceBook-Prefix.pch */ = {isa = PBXFileReference; lastKnownFileType = sourcecode.c.h; path = "FaceBook-Prefix.pch"; sourceTree = "<group>"; };
		92699C87194CC2A500C49DE7 /* YHOOAppDelegate.h */ = {isa = PBXFileReference; lastKnownFileType = sourcecode.c.h; path = YHOOAppDelegate.h; sourceTree = "<group>"; };
		92699C88194CC2A500C49DE7 /* YHOOAppDelegate.m */ = {isa = PBXFileReference; lastKnownFileType = sourcecode.c.objc; path = YHOOAppDelegate.m; sourceTree = "<group>"; };
		92699C8A194CC2A500C49DE7 /* Images.xcassets */ = {isa = PBXFileReference; lastKnownFileType = folder.assetcatalog; path = Images.xcassets; sourceTree = "<group>"; };
		92699C90194CC2A500C49DE7 /* FaceBookTests.xctest */ = {isa = PBXFileReference; explicitFileType = wrapper.cfbundle; includeInIndex = 0; path = FaceBookTests.xctest; sourceTree = BUILT_PRODUCTS_DIR; };
		92699C91194CC2A500C49DE7 /* XCTest.framework */ = {isa = PBXFileReference; lastKnownFileType = wrapper.framework; name = XCTest.framework; path = Library/Frameworks/XCTest.framework; sourceTree = DEVELOPER_DIR; };
		92699C99194CC2A500C49DE7 /* FaceBookTests-Info.plist */ = {isa = PBXFileReference; lastKnownFileType = text.plist.xml; path = "FaceBookTests-Info.plist"; sourceTree = "<group>"; };
		92699C9B194CC2A500C49DE7 /* en */ = {isa = PBXFileReference; lastKnownFileType = text.plist.strings; name = en; path = en.lproj/InfoPlist.strings; sourceTree = "<group>"; };
		92699C9D194CC2A500C49DE7 /* FaceBookTests.m */ = {isa = PBXFileReference; lastKnownFileType = sourcecode.c.objc; path = FaceBookTests.m; sourceTree = "<group>"; };
		92699CA7194CC2CB00C49DE7 /* YHOOLogInView.h */ = {isa = PBXFileReference; fileEncoding = 4; lastKnownFileType = sourcecode.c.h; path = YHOOLogInView.h; sourceTree = "<group>"; };
		92699CA8194CC2CB00C49DE7 /* YHOOLogInView.m */ = {isa = PBXFileReference; fileEncoding = 4; lastKnownFileType = sourcecode.c.objc; path = YHOOLogInView.m; sourceTree = "<group>"; };
		92699CA9194CC2CB00C49DE7 /* YHOOLogInView.xib */ = {isa = PBXFileReference; fileEncoding = 4; lastKnownFileType = file.xib; path = YHOOLogInView.xib; sourceTree = "<group>"; };
		92699CAC194ED53B00C49DE7 /* YHOOStreamViewController.h */ = {isa = PBXFileReference; fileEncoding = 4; lastKnownFileType = sourcecode.c.h; path = YHOOStreamViewController.h; sourceTree = "<group>"; };
		92699CAD194ED53B00C49DE7 /* YHOOStreamViewController.m */ = {isa = PBXFileReference; fileEncoding = 4; lastKnownFileType = sourcecode.c.objc; path = YHOOStreamViewController.m; sourceTree = "<group>"; };
		92699CAE194ED53B00C49DE7 /* YHOOStreamViewController.xib */ = {isa = PBXFileReference; fileEncoding = 4; lastKnownFileType = file.xib; path = YHOOStreamViewController.xib; sourceTree = "<group>"; };
/* End PBXFileReference section */

/* Begin PBXFrameworksBuildPhase section */
		92699C72194CC2A500C49DE7 /* Frameworks */ = {
			isa = PBXFrameworksBuildPhase;
			buildActionMask = 2147483647;
			files = (
				92699C7B194CC2A500C49DE7 /* CoreGraphics.framework in Frameworks */,
				92699C7D194CC2A500C49DE7 /* UIKit.framework in Frameworks */,
				92699C79194CC2A500C49DE7 /* Foundation.framework in Frameworks */,
			);
			runOnlyForDeploymentPostprocessing = 0;
		};
		92699C8D194CC2A500C49DE7 /* Frameworks */ = {
			isa = PBXFrameworksBuildPhase;
			buildActionMask = 2147483647;
			files = (
				92699C92194CC2A500C49DE7 /* XCTest.framework in Frameworks */,
				92699C94194CC2A500C49DE7 /* UIKit.framework in Frameworks */,
				92699C93194CC2A500C49DE7 /* Foundation.framework in Frameworks */,
			);
			runOnlyForDeploymentPostprocessing = 0;
		};
/* End PBXFrameworksBuildPhase section */

/* Begin PBXGroup section */
		92699C6C194CC2A500C49DE7 = {
			isa = PBXGroup;
			children = (
				92699CA7194CC2CB00C49DE7 /* YHOOLogInView.h */,
				92699CA8194CC2CB00C49DE7 /* YHOOLogInView.m */,
				92699CA9194CC2CB00C49DE7 /* YHOOLogInView.xib */,
				92699CAC194ED53B00C49DE7 /* YHOOStreamViewController.h */,
				92699CAD194ED53B00C49DE7 /* YHOOStreamViewController.m */,
				92699CAE194ED53B00C49DE7 /* YHOOStreamViewController.xib */,
				92699C7E194CC2A500C49DE7 /* FaceBook */,
				92699C97194CC2A500C49DE7 /* FaceBookTests */,
				92699C77194CC2A500C49DE7 /* Frameworks */,
				92699C76194CC2A500C49DE7 /* Products */,
			);
			sourceTree = "<group>";
		};
		92699C76194CC2A500C49DE7 /* Products */ = {
			isa = PBXGroup;
			children = (
				92699C75194CC2A500C49DE7 /* FaceBook.app */,
				92699C90194CC2A500C49DE7 /* FaceBookTests.xctest */,
			);
			name = Products;
			sourceTree = "<group>";
		};
		92699C77194CC2A500C49DE7 /* Frameworks */ = {
			isa = PBXGroup;
			children = (
				92699C78194CC2A500C49DE7 /* Foundation.framework */,
				92699C7A194CC2A500C49DE7 /* CoreGraphics.framework */,
				92699C7C194CC2A500C49DE7 /* UIKit.framework */,
				92699C91194CC2A500C49DE7 /* XCTest.framework */,
			);
			name = Frameworks;
			sourceTree = "<group>";
		};
		92699C7E194CC2A500C49DE7 /* FaceBook */ = {
			isa = PBXGroup;
			children = (
				92699C87194CC2A500C49DE7 /* YHOOAppDelegate.h */,
				92699C88194CC2A500C49DE7 /* YHOOAppDelegate.m */,
				92699C8A194CC2A500C49DE7 /* Images.xcassets */,
				92699C7F194CC2A500C49DE7 /* Supporting Files */,
			);
			path = FaceBook;
			sourceTree = "<group>";
		};
		92699C7F194CC2A500C49DE7 /* Supporting Files */ = {
			isa = PBXGroup;
			children = (
				92699C80194CC2A500C49DE7 /* FaceBook-Info.plist */,
				92699C81194CC2A500C49DE7 /* InfoPlist.strings */,
				92699C84194CC2A500C49DE7 /* main.m */,
				92699C86194CC2A500C49DE7 /* FaceBook-Prefix.pch */,
			);
			name = "Supporting Files";
			sourceTree = "<group>";
		};
		92699C97194CC2A500C49DE7 /* FaceBookTests */ = {
			isa = PBXGroup;
			children = (
				92699C9D194CC2A500C49DE7 /* FaceBookTests.m */,
				92699C98194CC2A500C49DE7 /* Supporting Files */,
			);
			path = FaceBookTests;
			sourceTree = "<group>";
		};
		92699C98194CC2A500C49DE7 /* Supporting Files */ = {
			isa = PBXGroup;
			children = (
				92699C99194CC2A500C49DE7 /* FaceBookTests-Info.plist */,
				92699C9A194CC2A500C49DE7 /* InfoPlist.strings */,
			);
			name = "Supporting Files";
			sourceTree = "<group>";
		};
/* End PBXGroup section */

/* Begin PBXNativeTarget section */
		92699C74194CC2A500C49DE7 /* FaceBook */ = {
			isa = PBXNativeTarget;
			buildConfigurationList = 92699CA1194CC2A500C49DE7 /* Build configuration list for PBXNativeTarget "FaceBook" */;
			buildPhases = (
				92699C71194CC2A500C49DE7 /* Sources */,
				92699C72194CC2A500C49DE7 /* Frameworks */,
				92699C73194CC2A500C49DE7 /* Resources */,
			);
			buildRules = (
			);
			dependencies = (
			);
			name = FaceBook;
			productName = FaceBook;
			productReference = 92699C75194CC2A500C49DE7 /* FaceBook.app */;
			productType = "com.apple.product-type.application";
		};
		92699C8F194CC2A500C49DE7 /* FaceBookTests */ = {
			isa = PBXNativeTarget;
			buildConfigurationList = 92699CA4194CC2A500C49DE7 /* Build configuration list for PBXNativeTarget "FaceBookTests" */;
			buildPhases = (
				92699C8C194CC2A500C49DE7 /* Sources */,
				92699C8D194CC2A500C49DE7 /* Frameworks */,
				92699C8E194CC2A500C49DE7 /* Resources */,
			);
			buildRules = (
			);
			dependencies = (
				92699C96194CC2A500C49DE7 /* PBXTargetDependency */,
			);
			name = FaceBookTests;
			productName = FaceBookTests;
			productReference = 92699C90194CC2A500C49DE7 /* FaceBookTests.xctest */;
			productType = "com.apple.product-type.bundle.unit-test";
		};
/* End PBXNativeTarget section */

/* Begin PBXProject section */
		92699C6D194CC2A500C49DE7 /* Project object */ = {
			isa = PBXProject;
			attributes = {
				CLASSPREFIX = YHOO;
				LastUpgradeCheck = 0510;
				ORGANIZATIONNAME = "Tom Gulik";
				TargetAttributes = {
					92699C8F194CC2A500C49DE7 = {
						TestTargetID = 92699C74194CC2A500C49DE7;
					};
				};
			};
			buildConfigurationList = 92699C70194CC2A500C49DE7 /* Build configuration list for PBXProject "FaceBook" */;
			compatibilityVersion = "Xcode 3.2";
			developmentRegion = English;
			hasScannedForEncodings = 0;
			knownRegions = (
				en,
			);
			mainGroup = 92699C6C194CC2A500C49DE7;
			productRefGroup = 92699C76194CC2A500C49DE7 /* Products */;
			projectDirPath = "";
			projectRoot = "";
			targets = (
				92699C74194CC2A500C49DE7 /* FaceBook */,
				92699C8F194CC2A500C49DE7 /* FaceBookTests */,
			);
		};
/* End PBXProject section */

/* Begin PBXResourcesBuildPhase section */
		92699C73194CC2A500C49DE7 /* Resources */ = {
			isa = PBXResourcesBuildPhase;
			buildActionMask = 2147483647;
			files = (
				92699CAB194CC2CB00C49DE7 /* YHOOLogInView.xib in Resources */,
				92699C83194CC2A500C49DE7 /* InfoPlist.strings in Resources */,
				92699C8B194CC2A500C49DE7 /* Images.xcassets in Resources */,
				92699CB0194ED53B00C49DE7 /* YHOOStreamViewController.xib in Resources */,
			);
			runOnlyForDeploymentPostprocessing = 0;
		};
		92699C8E194CC2A500C49DE7 /* Resources */ = {
			isa = PBXResourcesBuildPhase;
			buildActionMask = 2147483647;
			files = (
				92699C9C194CC2A500C49DE7 /* InfoPlist.strings in Resources */,
			);
			runOnlyForDeploymentPostprocessing = 0;
		};
/* End PBXResourcesBuildPhase section */

/* Begin PBXSourcesBuildPhase section */
		92699C71194CC2A500C49DE7 /* Sources */ = {
			isa = PBXSourcesBuildPhase;
			buildActionMask = 2147483647;
			files = (
				92699C85194CC2A500C49DE7 /* main.m in Sources */,
				92699C89194CC2A500C49DE7 /* YHOOAppDelegate.m in Sources */,
				92699CAA194CC2CB00C49DE7 /* YHOOLogInView.m in Sources */,
				92699CAF194ED53B00C49DE7 /* YHOOStreamViewController.m in Sources */,
			);
			runOnlyForDeploymentPostprocessing = 0;
		};
		92699C8C194CC2A500C49DE7 /* Sources */ = {
			isa = PBXSourcesBuildPhase;
			buildActionMask = 2147483647;
			files = (
				92699C9E194CC2A500C49DE7 /* FaceBookTests.m in Sources */,
			);
			runOnlyForDeploymentPostprocessing = 0;
		};
/* End PBXSourcesBuildPhase section */

/* Begin PBXTargetDependency section */
		92699C96194CC2A500C49DE7 /* PBXTargetDependency */ = {
			isa = PBXTargetDependency;
			target = 92699C74194CC2A500C49DE7 /* FaceBook */;
			targetProxy = 92699C95194CC2A500C49DE7 /* PBXContainerItemProxy */;
		};
/* End PBXTargetDependency section */

/* Begin PBXVariantGroup section */
		92699C81194CC2A500C49DE7 /* InfoPlist.strings */ = {
			isa = PBXVariantGroup;
			children = (
				92699C82194CC2A500C49DE7 /* en */,
			);
			name = InfoPlist.strings;
			sourceTree = "<group>";
		};
		92699C9A194CC2A500C49DE7 /* InfoPlist.strings */ = {
			isa = PBXVariantGroup;
			children = (
				92699C9B194CC2A500C49DE7 /* en */,
			);
			name = InfoPlist.strings;
			sourceTree = "<group>";
		};
/* End PBXVariantGroup section */

/* Begin XCBuildConfiguration section */
		92699C9F194CC2A500C49DE7 /* Debug */ = {
			isa = XCBuildConfiguration;
			buildSettings = {
				ALWAYS_SEARCH_USER_PATHS = NO;
				CLANG_CXX_LANGUAGE_STANDARD = "gnu++0x";
				CLANG_CXX_LIBRARY = "libc++";
				CLANG_ENABLE_MODULES = YES;
				CLANG_ENABLE_OBJC_ARC = YES;
				CLANG_WARN_BOOL_CONVERSION = YES;
				CLANG_WARN_CONSTANT_CONVERSION = YES;
				CLANG_WARN_DIRECT_OBJC_ISA_USAGE = YES_ERROR;
				CLANG_WARN_EMPTY_BODY = YES;
				CLANG_WARN_ENUM_CONVERSION = YES;
				CLANG_WARN_INT_CONVERSION = YES;
				CLANG_WARN_OBJC_ROOT_CLASS = YES_ERROR;
				CLANG_WARN__DUPLICATE_METHOD_MATCH = YES;
				"CODE_SIGN_IDENTITY[sdk=iphoneos*]" = "iPhone Developer";
				COPY_PHASE_STRIP = NO;
				GCC_C_LANGUAGE_STANDARD = gnu99;
				GCC_DYNAMIC_NO_PIC = NO;
				GCC_OPTIMIZATION_LEVEL = 0;
				GCC_PREPROCESSOR_DEFINITIONS = (
					"DEBUG=1",
					"$(inherited)",
				);
				GCC_SYMBOLS_PRIVATE_EXTERN = NO;
				GCC_WARN_64_TO_32_BIT_CONVERSION = YES;
				GCC_WARN_ABOUT_RETURN_TYPE = YES_ERROR;
				GCC_WARN_UNDECLARED_SELECTOR = YES;
				GCC_WARN_UNINITIALIZED_AUTOS = YES_AGGRESSIVE;
				GCC_WARN_UNUSED_FUNCTION = YES;
				GCC_WARN_UNUSED_VARIABLE = YES;
				IPHONEOS_DEPLOYMENT_TARGET = 7.1;
				ONLY_ACTIVE_ARCH = YES;
				SDKROOT = iphoneos;
			};
			name = Debug;
		};
		92699CA0194CC2A500C49DE7 /* Release */ = {
			isa = XCBuildConfiguration;
			buildSettings = {
				ALWAYS_SEARCH_USER_PATHS = NO;
				CLANG_CXX_LANGUAGE_STANDARD = "gnu++0x";
				CLANG_CXX_LIBRARY = "libc++";
				CLANG_ENABLE_MODULES = YES;
				CLANG_ENABLE_OBJC_ARC = YES;
				CLANG_WARN_BOOL_CONVERSION = YES;
				CLANG_WARN_CONSTANT_CONVERSION = YES;
				CLANG_WARN_DIRECT_OBJC_ISA_USAGE = YES_ERROR;
				CLANG_WARN_EMPTY_BODY = YES;
				CLANG_WARN_ENUM_CONVERSION = YES;
				CLANG_WARN_INT_CONVERSION = YES;
				CLANG_WARN_OBJC_ROOT_CLASS = YES_ERROR;
				CLANG_WARN__DUPLICATE_METHOD_MATCH = YES;
				"CODE_SIGN_IDENTITY[sdk=iphoneos*]" = "iPhone Developer";
				COPY_PHASE_STRIP = YES;
				ENABLE_NS_ASSERTIONS = NO;
				GCC_C_LANGUAGE_STANDARD = gnu99;
				GCC_WARN_64_TO_32_BIT_CONVERSION = YES;
				GCC_WARN_ABOUT_RETURN_TYPE = YES_ERROR;
				GCC_WARN_UNDECLARED_SELECTOR = YES;
				GCC_WARN_UNINITIALIZED_AUTOS = YES_AGGRESSIVE;
				GCC_WARN_UNUSED_FUNCTION = YES;
				GCC_WARN_UNUSED_VARIABLE = YES;
				IPHONEOS_DEPLOYMENT_TARGET = 7.1;
				SDKROOT = iphoneos;
				VALIDATE_PRODUCT = YES;
			};
			name = Release;
		};
		92699CA2194CC2A500C49DE7 /* Debug */ = {
			isa = XCBuildConfiguration;
			buildSettings = {
				ASSETCATALOG_COMPILER_APPICON_NAME = AppIcon;
				ASSETCATALOG_COMPILER_LAUNCHIMAGE_NAME = LaunchImage;
				GCC_PRECOMPILE_PREFIX_HEADER = YES;
				GCC_PREFIX_HEADER = "FaceBook/FaceBook-Prefix.pch";
				INFOPLIST_FILE = "FaceBook/FaceBook-Info.plist";
				IPHONEOS_DEPLOYMENT_TARGET = 6.0;
				PRODUCT_NAME = "$(TARGET_NAME)";
				WRAPPER_EXTENSION = app;
			};
			name = Debug;
		};
		92699CA3194CC2A500C49DE7 /* Release */ = {
			isa = XCBuildConfiguration;
			buildSettings = {
				ASSETCATALOG_COMPILER_APPICON_NAME = AppIcon;
				ASSETCATALOG_COMPILER_LAUNCHIMAGE_NAME = LaunchImage;
				GCC_PRECOMPILE_PREFIX_HEADER = YES;
				GCC_PREFIX_HEADER = "FaceBook/FaceBook-Prefix.pch";
				INFOPLIST_FILE = "FaceBook/FaceBook-Info.plist";
				IPHONEOS_DEPLOYMENT_TARGET = 6.0;
				PRODUCT_NAME = "$(TARGET_NAME)";
				WRAPPER_EXTENSION = app;
			};
			name = Release;
		};
		92699CA5194CC2A500C49DE7 /* Debug */ = {
			isa = XCBuildConfiguration;
			buildSettings = {
				BUNDLE_LOADER = "$(BUILT_PRODUCTS_DIR)/FaceBook.app/FaceBook";
				FRAMEWORK_SEARCH_PATHS = (
					"$(SDKROOT)/Developer/Library/Frameworks",
					"$(inherited)",
					"$(DEVELOPER_FRAMEWORKS_DIR)",
				);
				GCC_PRECOMPILE_PREFIX_HEADER = YES;
				GCC_PREFIX_HEADER = "FaceBook/FaceBook-Prefix.pch";
				GCC_PREPROCESSOR_DEFINITIONS = (
					"DEBUG=1",
					"$(inherited)",
				);
				INFOPLIST_FILE = "FaceBookTests/FaceBookTests-Info.plist";
				PRODUCT_NAME = "$(TARGET_NAME)";
				TEST_HOST = "$(BUNDLE_LOADER)";
				WRAPPER_EXTENSION = xctest;
			};
			name = Debug;
		};
		92699CA6194CC2A500C49DE7 /* Release */ = {
			isa = XCBuildConfiguration;
			buildSettings = {
				BUNDLE_LOADER = "$(BUILT_PRODUCTS_DIR)/FaceBook.app/FaceBook";
				FRAMEWORK_SEARCH_PATHS = (
					"$(SDKROOT)/Developer/Library/Frameworks",
					"$(inherited)",
					"$(DEVELOPER_FRAMEWORKS_DIR)",
				);
				GCC_PRECOMPILE_PREFIX_HEADER = YES;
				GCC_PREFIX_HEADER = "FaceBook/FaceBook-Prefix.pch";
				INFOPLIST_FILE = "FaceBookTests/FaceBookTests-Info.plist";
				PRODUCT_NAME = "$(TARGET_NAME)";
				TEST_HOST = "$(BUNDLE_LOADER)";
				WRAPPER_EXTENSION = xctest;
			};
			name = Release;
		};
/* End XCBuildConfiguration section */

/* Begin XCConfigurationList section */
		92699C70194CC2A500C49DE7 /* Build configuration list for PBXProject "FaceBook" */ = {
			isa = XCConfigurationList;
			buildConfigurations = (
				92699C9F194CC2A500C49DE7 /* Debug */,
				92699CA0194CC2A500C49DE7 /* Release */,
			);
			defaultConfigurationIsVisible = 0;
			defaultConfigurationName = Release;
		};
		92699CA1194CC2A500C49DE7 /* Build configuration list for PBXNativeTarget "FaceBook" */ = {
			isa = XCConfigurationList;
			buildConfigurations = (
				92699CA2194CC2A500C49DE7 /* Debug */,
				92699CA3194CC2A500C49DE7 /* Release */,
			);
			defaultConfigurationIsVisible = 0;
		};
		92699CA4194CC2A500C49DE7 /* Build configuration list for PBXNativeTarget "FaceBookTests" */ = {
			isa = XCConfigurationList;
			buildConfigurations = (
				92699CA5194CC2A500C49DE7 /* Debug */,
				92699CA6194CC2A500C49DE7 /* Release */,
			);
			defaultConfigurationIsVisible = 0;
		};
/* End XCConfigurationList section */
	};
	rootObject = 92699C6D194CC2A500C49DE7 /* Project object */;
}
